
Microsoft Visual Studio Solution File, Format Version 12.00
# Visual Studio Version 16
VisualStudioVersion = 16.0.31205.134
MinimumVisualStudioVersion = 10.0.40219.1
Project("{FAE04EC0-301F-11D3-BF4B-00C04F79EFBC}") = "GoogleSecretLoader", "GoogleSecretLoader\GoogleSecretLoader.csproj", "{ED93FE14-2499-4432-8988-1EF05D7BDDB7}"
EndProject
Global
	GlobalSection(SolutionConfigurationPlatforms) = preSolution
		Debug|Any CPU = Debug|Any CPU
		Release|Any CPU = Release|Any CPU
	EndGlobalSection
	GlobalSection(ProjectConfigurationPlatforms) = postSolution
		{ED93FE14-2499-4432-8988-1EF05D7BDDB7}.Debug|Any CPU.ActiveCfg = Debug|Any CPU
		{ED93FE14-2499-4432-8988-1EF05D7BDDB7}.Debug|Any CPU.Build.0 = Debug|Any CPU
		{ED93FE14-2499-4432-8988-1EF05D7BDDB7}.Release|Any CPU.ActiveCfg = Release|Any CPU
		{ED93FE14-2499-4432-8988-1EF05D7BDDB7}.Release|Any CPU.Build.0 = Release|Any CPU
	EndGlobalSection
	GlobalSection(SolutionProperties) = preSolution
		HideSolutionNode = FALSE
	EndGlobalSection
	GlobalSection(ExtensibilityGlobals) = postSolution
		SolutionGuid = {1A682239-29E6-40BF-9045-769E523A56A5}
	EndGlobalSection
EndGlobal
